
Microsoft Visual Studio Solution File, Format Version 12.00
Project("{FAE04EC0-301F-11D3-BF4B-00C04F79EFBC}") = "the-resistance", "the-resistance\the-resistance.csproj", "{0F3F1A2C-CA7D-4B87-86B5-1F26863CA7D5}"
EndProject
Project("{FAE04EC0-301F-11D3-BF4B-00C04F79EFBC}") = "the-resistance-test", "the-resistance-test\the-resistance-test.csproj", "{800BCFF0-FD50-4E86-A691-06F6834E3142}"
EndProject
Global
	GlobalSection(SolutionConfigurationPlatforms) = preSolution
		Debug|Any CPU = Debug|Any CPU
		Release|Any CPU = Release|Any CPU
	EndGlobalSection
	GlobalSection(ProjectConfigurationPlatforms) = postSolution
		{0F3F1A2C-CA7D-4B87-86B5-1F26863CA7D5}.Debug|Any CPU.ActiveCfg = Debug|Any CPU
		{0F3F1A2C-CA7D-4B87-86B5-1F26863CA7D5}.Debug|Any CPU.Build.0 = Debug|Any CPU
		{0F3F1A2C-CA7D-4B87-86B5-1F26863CA7D5}.Release|Any CPU.ActiveCfg = Release|Any CPU
		{0F3F1A2C-CA7D-4B87-86B5-1F26863CA7D5}.Release|Any CPU.Build.0 = Release|Any CPU
		{800BCFF0-FD50-4E86-A691-06F6834E3142}.Debug|Any CPU.ActiveCfg = Debug|Any CPU
		{800BCFF0-FD50-4E86-A691-06F6834E3142}.Debug|Any CPU.Build.0 = Debug|Any CPU
		{800BCFF0-FD50-4E86-A691-06F6834E3142}.Release|Any CPU.ActiveCfg = Release|Any CPU
		{800BCFF0-FD50-4E86-A691-06F6834E3142}.Release|Any CPU.Build.0 = Release|Any CPU
	EndGlobalSection
EndGlobal
